
Microsoft Visual Studio Solution File, Format Version 12.00
# Visual Studio Version 17
VisualStudioVersion = 17.8.34330.188
MinimumVisualStudioVersion = 10.0.40219.1
Project("{9A19103F-16F7-4668-BE54-9A1E7A4F7556}") = "LB295", "LB295.csproj", "{30D80F10-C871-424E-8806-DC71C65C328F}"
EndProject
Global
	GlobalSection(SolutionConfigurationPlatforms) = preSolution
		Debug|Any CPU = Debug|Any CPU
		Release|Any CPU = Release|Any CPU
	EndGlobalSection
	GlobalSection(ProjectConfigurationPlatforms) = postSolution
		{30D80F10-C871-424E-8806-DC71C65C328F}.Debug|Any CPU.ActiveCfg = Debug|Any CPU
		{30D80F10-C871-424E-8806-DC71C65C328F}.Debug|Any CPU.Build.0 = Debug|Any CPU
		{30D80F10-C871-424E-8806-DC71C65C328F}.Release|Any CPU.ActiveCfg = Release|Any CPU
		{30D80F10-C871-424E-8806-DC71C65C328F}.Release|Any CPU.Build.0 = Release|Any CPU
	EndGlobalSection
	GlobalSection(SolutionProperties) = preSolution
		HideSolutionNode = FALSE
	EndGlobalSection
	GlobalSection(ExtensibilityGlobals) = postSolution
		SolutionGuid = {870236C1-4223-48BD-834D-CE1367CD9397}
	EndGlobalSection
EndGlobal
